
Microsoft Visual Studio Solution File, Format Version 12.00
# Visual Studio Version 17
VisualStudioVersion = 17.9.34714.143
MinimumVisualStudioVersion = 10.0.40219.1
Project("{8BC9CEB8-8B4A-11D0-8D11-00A0C91BC942}") = "26sept", "26sept.vcxproj", "{0FBE1CC2-1D64-49C1-ADD6-F127C0B1233B}"
EndProject
Global
	GlobalSection(SolutionConfigurationPlatforms) = preSolution
		Debug|x64 = Debug|x64
		Debug|x86 = Debug|x86
		Release|x64 = Release|x64
		Release|x86 = Release|x86
	EndGlobalSection
	GlobalSection(ProjectConfigurationPlatforms) = postSolution
		{0FBE1CC2-1D64-49C1-ADD6-F127C0B1233B}.Debug|x64.ActiveCfg = Debug|x64
		{0FBE1CC2-1D64-49C1-ADD6-F127C0B1233B}.Debug|x64.Build.0 = Debug|x64
		{0FBE1CC2-1D64-49C1-ADD6-F127C0B1233B}.Debug|x86.ActiveCfg = Debug|Win32
		{0FBE1CC2-1D64-49C1-ADD6-F127C0B1233B}.Debug|x86.Build.0 = Debug|Win32
		{0FBE1CC2-1D64-49C1-ADD6-F127C0B1233B}.Release|x64.ActiveCfg = Release|x64
		{0FBE1CC2-1D64-49C1-ADD6-F127C0B1233B}.Release|x64.Build.0 = Release|x64
		{0FBE1CC2-1D64-49C1-ADD6-F127C0B1233B}.Release|x86.ActiveCfg = Release|Win32
		{0FBE1CC2-1D64-49C1-ADD6-F127C0B1233B}.Release|x86.Build.0 = Release|Win32
	EndGlobalSection
	GlobalSection(SolutionProperties) = preSolution
		HideSolutionNode = FALSE
	EndGlobalSection
	GlobalSection(ExtensibilityGlobals) = postSolution
		SolutionGuid = {27814FF3-BDAA-4F83-BD0B-B5AAC29C57F3}
	EndGlobalSection
EndGlobal
